{
  "socketPath": "\\\\.\\pipe\\mcp-3ea04364-d289-44af-bb38-c3661876ca6f.sock",
  "scheme": "pipe",
  "headers": {
    "Authorization": "Nonce 368d2738-6379-459e-adb5-e3ecd8716317"
  },
  "pid": 14404,
  "ideName": "Visual Studio Code",
  "timestamp": 1774888992863,
  "workspaceFolders": [
    "d:\\Me\\flutter\\Done\\mysterybag"
  ],
  "isTrusted": true
}